
Microsoft Visual Studio Solution File, Format Version 12.00
# Visual Studio 15
VisualStudioVersion = 15.0.28307.168
MinimumVisualStudioVersion = 10.0.40219.1
Project("{FAE04EC0-301F-11D3-BF4B-00C04F79EFBC}") = "RendererCore", "RendererCore\RendererCore\RendererCore.csproj", "{F35D0A09-7A23-444A-B320-5EFEC642A494}"
EndProject
Project("{FAE04EC0-301F-11D3-BF4B-00C04F79EFBC}") = "App", "App\App.csproj", "{D8589B81-C4EB-4C21-99F6-01F51ACFBF1D}"
EndProject
Project("{FAE04EC0-301F-11D3-BF4B-00C04F79EFBC}") = "RendererCoreCommon", "RendererCoreCommon\RendererCoreCommon.csproj", "{6C875B2C-DBF3-4B33-A28B-00A90DBF970C}"
EndProject
Project("{FAE04EC0-301F-11D3-BF4B-00C04F79EFBC}") = "RendererShader", "RendererShader\RendererShader.csproj", "{23E3F53B-0101-4F08-8FF1-68AC3DA201AF}"
EndProject
Global
	GlobalSection(SolutionConfigurationPlatforms) = preSolution
		Debug|Any CPU = Debug|Any CPU
		Release|Any CPU = Release|Any CPU
	EndGlobalSection
	GlobalSection(ProjectConfigurationPlatforms) = postSolution
		{F35D0A09-7A23-444A-B320-5EFEC642A494}.Debug|Any CPU.ActiveCfg = Debug|Any CPU
		{F35D0A09-7A23-444A-B320-5EFEC642A494}.Debug|Any CPU.Build.0 = Debug|Any CPU
		{F35D0A09-7A23-444A-B320-5EFEC642A494}.Release|Any CPU.ActiveCfg = Release|Any CPU
		{F35D0A09-7A23-444A-B320-5EFEC642A494}.Release|Any CPU.Build.0 = Release|Any CPU
		{D8589B81-C4EB-4C21-99F6-01F51ACFBF1D}.Debug|Any CPU.ActiveCfg = Debug|Any CPU
		{D8589B81-C4EB-4C21-99F6-01F51ACFBF1D}.Debug|Any CPU.Build.0 = Debug|Any CPU
		{D8589B81-C4EB-4C21-99F6-01F51ACFBF1D}.Release|Any CPU.ActiveCfg = Release|Any CPU
		{D8589B81-C4EB-4C21-99F6-01F51ACFBF1D}.Release|Any CPU.Build.0 = Release|Any CPU
		{6C875B2C-DBF3-4B33-A28B-00A90DBF970C}.Debug|Any CPU.ActiveCfg = Debug|Any CPU
		{6C875B2C-DBF3-4B33-A28B-00A90DBF970C}.Debug|Any CPU.Build.0 = Debug|Any CPU
		{6C875B2C-DBF3-4B33-A28B-00A90DBF970C}.Release|Any CPU.ActiveCfg = Release|Any CPU
		{6C875B2C-DBF3-4B33-A28B-00A90DBF970C}.Release|Any CPU.Build.0 = Release|Any CPU
		{23E3F53B-0101-4F08-8FF1-68AC3DA201AF}.Debug|Any CPU.ActiveCfg = Debug|Any CPU
		{23E3F53B-0101-4F08-8FF1-68AC3DA201AF}.Debug|Any CPU.Build.0 = Debug|Any CPU
		{23E3F53B-0101-4F08-8FF1-68AC3DA201AF}.Release|Any CPU.ActiveCfg = Release|Any CPU
		{23E3F53B-0101-4F08-8FF1-68AC3DA201AF}.Release|Any CPU.Build.0 = Release|Any CPU
	EndGlobalSection
	GlobalSection(SolutionProperties) = preSolution
		HideSolutionNode = FALSE
	EndGlobalSection
	GlobalSection(ExtensibilityGlobals) = postSolution
		SolutionGuid = {D5D9CAF3-CFE3-4B80-92B2-2E7DC9782406}
	EndGlobalSection
EndGlobal
